// !$*UTF8*$!
{
	archiveVersion = 1;
	classes = {
	};
	objectVersion = 46;
	objects = {

/* Begin PBXBuildFile section */
		34509ABA1D5E984E0063FD33 /* AppDelegate.swift in Sources */ = {isa = PBXBuildFile; fileRef = 34509AB91D5E984E0063FD33 /* AppDelegate.swift */; };
		34509ABF1D5E984E0063FD33 /* Main.storyboard in Resources */ = {isa = PBXBuildFile; fileRef = 34509ABD1D5E984E0063FD33 /* Main.storyboard */; };
		34509AC11D5E984E0063FD33 /* Assets.xcassets in Resources */ = {isa = PBXBuildFile; fileRef = 34509AC01D5E984E0063FD33 /* Assets.xcassets */; };
		34509AC41D5E984E0063FD33 /* LaunchScreen.storyboard in Resources */ = {isa = PBXBuildFile; fileRef = 34509AC21D5E984E0063FD33 /* LaunchScreen.storyboard */; };
		34509ACC1D5E9B920063FD33 /* CardsViewController.swift in Sources */ = {isa = PBXBuildFile; fileRef = 34509ACB1D5E9B920063FD33 /* CardsViewController.swift */; };
/* End PBXBuildFile section */

/* Begin PBXFileReference section */
		34509AB61D5E984E0063FD33 /* Tinder.app */ = {isa = PBXFileReference; explicitFileType = wrapper.application; includeInIndex = 0; path = Tinder.app; sourceTree = BUILT_PRODUCTS_DIR; };
		34509AB91D5E984E0063FD33 /* AppDelegate.swift */ = {isa = PBXFileReference; lastKnownFileType = sourcecode.swift; path = AppDelegate.swift; sourceTree = "<group>"; };
		34509ABE1D5E984E0063FD33 /* Base */ = {isa = PBXFileReference; lastKnownFileType = file.storyboard; name = Base; path = Base.lproj/Main.storyboard; sourceTree = "<group>"; };
		34509AC01D5E984E0063FD33 /* Assets.xcassets */ = {isa = PBXFileReference; lastKnownFileType = folder.assetcatalog; path = Assets.xcassets; sourceTree = "<group>"; };
		34509AC31D5E984E0063FD33 /* Base */ = {isa = PBXFileReference; lastKnownFileType = file.storyboard; name = Base; path = Base.lproj/LaunchScreen.storyboard; sourceTree = "<group>"; };
		34509AC51D5E984E0063FD33 /* Info.plist */ = {isa = PBXFileReference; lastKnownFileType = text.plist.xml; path = Info.plist; sourceTree = "<group>"; };
		34509ACB1D5E9B920063FD33 /* CardsViewController.swift */ = {isa = PBXFileReference; fileEncoding = 4; lastKnownFileType = sourcecode.swift; path = CardsViewController.swift; sourceTree = "<group>"; };
/* End PBXFileReference section */

/* Begin PBXFrameworksBuildPhase section */
		34509AB31D5E984E0063FD33 /* Frameworks */ = {
			isa = PBXFrameworksBuildPhase;
			buildActionMask = 2147483647;
			files = (
			);
			runOnlyForDeploymentPostprocessing = 0;
		};
/* End PBXFrameworksBuildPhase section */

/* Begin PBXGroup section */
		34509AAD1D5E984E0063FD33 = {
			isa = PBXGroup;
			children = (
				34509AB81D5E984E0063FD33 /* Tinder */,
				34509AB71D5E984E0063FD33 /* Products */,
			);
			sourceTree = "<group>";
		};
		34509AB71D5E984E0063FD33 /* Products */ = {
			isa = PBXGroup;
			children = (
				34509AB61D5E984E0063FD33 /* Tinder.app */,
			);
			name = Products;
			sourceTree = "<group>";
		};
		34509AB81D5E984E0063FD33 /* Tinder */ = {
			isa = PBXGroup;
			children = (
				34509AB91D5E984E0063FD33 /* AppDelegate.swift */,
				34509ABD1D5E984E0063FD33 /* Main.storyboard */,
				34509ACB1D5E9B920063FD33 /* CardsViewController.swift */,
				34509AC01D5E984E0063FD33 /* Assets.xcassets */,
				34509AC21D5E984E0063FD33 /* LaunchScreen.storyboard */,
				34509AC51D5E984E0063FD33 /* Info.plist */,
			);
			path = Tinder;
			sourceTree = "<group>";
		};
/* End PBXGroup section */

/* Begin PBXNativeTarget section */
		34509AB51D5E984E0063FD33 /* Tinder */ = {
			isa = PBXNativeTarget;
			buildConfigurationList = 34509AC81D5E984E0063FD33 /* Build configuration list for PBXNativeTarget "Tinder" */;
			buildPhases = (
				34509AB21D5E984E0063FD33 /* Sources */,
				34509AB31D5E984E0063FD33 /* Frameworks */,
				34509AB41D5E984E0063FD33 /* Resources */,
			);
			buildRules = (
			);
			dependencies = (
			);
			name = Tinder;
			productName = Tinder;
			productReference = 34509AB61D5E984E0063FD33 /* Tinder.app */;
			productType = "com.apple.product-type.application";
		};
/* End PBXNativeTarget section */

/* Begin PBXProject section */
		34509AAE1D5E984E0063FD33 /* Project object */ = {
			isa = PBXProject;
			attributes = {
				LastSwiftUpdateCheck = 0730;
				LastUpgradeCheck = 0730;
				ORGANIZATIONNAME = walmart;
				TargetAttributes = {
					34509AB51D5E984E0063FD33 = {
						CreatedOnToolsVersion = 7.3.1;
					};
				};
			};
			buildConfigurationList = 34509AB11D5E984E0063FD33 /* Build configuration list for PBXProject "Tinder" */;
			compatibilityVersion = "Xcode 3.2";
			developmentRegion = English;
			hasScannedForEncodings = 0;
			knownRegions = (
				en,
				Base,
			);
			mainGroup = 34509AAD1D5E984E0063FD33;
			productRefGroup = 34509AB71D5E984E0063FD33 /* Products */;
			projectDirPath = "";
			projectRoot = "";
			targets = (
				34509AB51D5E984E0063FD33 /* Tinder */,
			);
		};
/* End PBXProject section */

/* Begin PBXResourcesBuildPhase section */
		34509AB41D5E984E0063FD33 /* Resources */ = {
			isa = PBXResourcesBuildPhase;
			buildActionMask = 2147483647;
			files = (
				34509AC41D5E984E0063FD33 /* LaunchScreen.storyboard in Resources */,
				34509AC11D5E984E0063FD33 /* Assets.xcassets in Resources */,
				34509ABF1D5E984E0063FD33 /* Main.storyboard in Resources */,
			);
			runOnlyForDeploymentPostprocessing = 0;
		};
/* End PBXResourcesBuildPhase section */

/* Begin PBXSourcesBuildPhase section */
		34509AB21D5E984E0063FD33 /* Sources */ = {
			isa = PBXSourcesBuildPhase;
			buildActionMask = 2147483647;
			files = (
				34509ACC1D5E9B920063FD33 /* CardsViewController.swift in Sources */,
				34509ABA1D5E984E0063FD33 /* AppDelegate.swift in Sources */,
			);
			runOnlyForDeploymentPostprocessing = 0;
		};
/* End PBXSourcesBuildPhase section */

/* Begin PBXVariantGroup section */
		34509ABD1D5E984E0063FD33 /* Main.storyboard */ = {
			isa = PBXVariantGroup;
			children = (
				34509ABE1D5E984E0063FD33 /* Base */,
			);
			name = Main.storyboard;
			sourceTree = "<group>";
		};
		34509AC21D5E984E0063FD33 /* LaunchScreen.storyboard */ = {
			isa = PBXVariantGroup;
			children = (
				34509AC31D5E984E0063FD33 /* Base */,
			);
			name = LaunchScreen.storyboard;
			sourceTree = "<group>";
		};
/* End PBXVariantGroup section */

/* Begin XCBuildConfiguration section */
		34509AC61D5E984E0063FD33 /* Debug */ = {
			isa = XCBuildConfiguration;
			buildSettings = {
				ALWAYS_SEARCH_USER_PATHS = NO;
				CLANG_ANALYZER_NONNULL = YES;
				CLANG_CXX_LANGUAGE_STANDARD = "gnu++0x";
				CLANG_CXX_LIBRARY = "libc++";
				CLANG_ENABLE_MODULES = YES;
				CLANG_ENABLE_OBJC_ARC = YES;
				CLANG_WARN_BOOL_CONVERSION = YES;
				CLANG_WARN_CONSTANT_CONVERSION = YES;
				CLANG_WARN_DIRECT_OBJC_ISA_USAGE = YES_ERROR;
				CLANG_WARN_EMPTY_BODY = YES;
				CLANG_WARN_ENUM_CONVERSION = YES;
				CLANG_WARN_INT_CONVERSION = YES;
				CLANG_WARN_OBJC_ROOT_CLASS = YES_ERROR;
				CLANG_WARN_UNREACHABLE_CODE = YES;
				CLANG_WARN__DUPLICATE_METHOD_MATCH = YES;
				"CODE_SIGN_IDENTITY[sdk=iphoneos*]" = "iPhone Developer";
				COPY_PHASE_STRIP = NO;
				DEBUG_INFORMATION_FORMAT = dwarf;
				ENABLE_STRICT_OBJC_MSGSEND = YES;
				ENABLE_TESTABILITY = YES;
				GCC_C_LANGUAGE_STANDARD = gnu99;
				GCC_DYNAMIC_NO_PIC = NO;
				GCC_NO_COMMON_BLOCKS = YES;
				GCC_OPTIMIZATION_LEVEL = 0;
				GCC_PREPROCESSOR_DEFINITIONS = (
					"DEBUG=1",
					"$(inherited)",
				);
				GCC_WARN_64_TO_32_BIT_CONVERSION = YES;
				GCC_WARN_ABOUT_RETURN_TYPE = YES_ERROR;
				GCC_WARN_UNDECLARED_SELECTOR = YES;
				GCC_WARN_UNINITIALIZED_AUTOS = YES_AGGRESSIVE;
				GCC_WARN_UNUSED_FUNCTION = YES;
				GCC_WARN_UNUSED_VARIABLE = YES;
				IPHONEOS_DEPLOYMENT_TARGET = 9.3;
				MTL_ENABLE_DEBUG_INFO = YES;
				ONLY_ACTIVE_ARCH = YES;
				SDKROOT = iphoneos;
				SWIFT_OPTIMIZATION_LEVEL = "-Onone";
			};
			name = Debug;
		};
		34509AC71D5E984E0063FD33 /* Release */ = {
			isa = XCBuildConfiguration;
			buildSettings = {
				ALWAYS_SEARCH_USER_PATHS = NO;
				CLANG_ANALYZER_NONNULL = YES;
				CLANG_CXX_LANGUAGE_STANDARD = "gnu++0x";
				CLANG_CXX_LIBRARY = "libc++";
				CLANG_ENABLE_MODULES = YES;
				CLANG_ENABLE_OBJC_ARC = YES;
				CLANG_WARN_BOOL_CONVERSION = YES;
				CLANG_WARN_CONSTANT_CONVERSION = YES;
				CLANG_WARN_DIRECT_OBJC_ISA_USAGE = YES_ERROR;
				CLANG_WARN_EMPTY_BODY = YES;
				CLANG_WARN_ENUM_CONVERSION = YES;
				CLANG_WARN_INT_CONVERSION = YES;
				CLANG_WARN_OBJC_ROOT_CLASS = YES_ERROR;
				CLANG_WARN_UNREACHABLE_CODE = YES;
				CLANG_WARN__DUPLICATE_METHOD_MATCH = YES;
				"CODE_SIGN_IDENTITY[sdk=iphoneos*]" = "iPhone Developer";
				COPY_PHASE_STRIP = NO;
				DEBUG_INFORMATION_FORMAT = "dwarf-with-dsym";
				ENABLE_NS_ASSERTIONS = NO;
				ENABLE_STRICT_OBJC_MSGSEND = YES;
				GCC_C_LANGUAGE_STANDARD = gnu99;
				GCC_NO_COMMON_BLOCKS = YES;
				GCC_WARN_64_TO_32_BIT_CONVERSION = YES;
				GCC_WARN_ABOUT_RETURN_TYPE = YES_ERROR;
				GCC_WARN_UNDECLARED_SELECTOR = YES;
				GCC_WARN_UNINITIALIZED_AUTOS = YES_AGGRESSIVE;
				GCC_WARN_UNUSED_FUNCTION = YES;
				GCC_WARN_UNUSED_VARIABLE = YES;
				IPHONEOS_DEPLOYMENT_TARGET = 9.3;
				MTL_ENABLE_DEBUG_INFO = NO;
				SDKROOT = iphoneos;
				VALIDATE_PRODUCT = YES;
			};
			name = Release;
		};
		34509AC91D5E984E0063FD33 /* Debug */ = {
			isa = XCBuildConfiguration;
			buildSettings = {
				ASSETCATALOG_COMPILER_APPICON_NAME = AppIcon;
				INFOPLIST_FILE = Tinder/Info.plist;
				LD_RUNPATH_SEARCH_PATHS = "$(inherited) @executable_path/Frameworks";
				PRODUCT_BUNDLE_IDENTIFIER = performance.Tinder;
				PRODUCT_NAME = "$(TARGET_NAME)";
			};
			name = Debug;
		};
		34509ACA1D5E984E0063FD33 /* Release */ = {
			isa = XCBuildConfiguration;
			buildSettings = {
				ASSETCATALOG_COMPILER_APPICON_NAME = AppIcon;
				INFOPLIST_FILE = Tinder/Info.plist;
				LD_RUNPATH_SEARCH_PATHS = "$(inherited) @executable_path/Frameworks";
				PRODUCT_BUNDLE_IDENTIFIER = performance.Tinder;
				PRODUCT_NAME = "$(TARGET_NAME)";
			};
			name = Release;
		};
/* End XCBuildConfiguration section */

/* Begin XCConfigurationList section */
		34509AB11D5E984E0063FD33 /* Build configuration list for PBXProject "Tinder" */ = {
			isa = XCConfigurationList;
			buildConfigurations = (
				34509AC61D5E984E0063FD33 /* Debug */,
				34509AC71D5E984E0063FD33 /* Release */,
			);
			defaultConfigurationIsVisible = 0;
			defaultConfigurationName = Release;
		};
		34509AC81D5E984E0063FD33 /* Build configuration list for PBXNativeTarget "Tinder" */ = {
			isa = XCConfigurationList;
			buildConfigurations = (
				34509AC91D5E984E0063FD33 /* Debug */,
				34509ACA1D5E984E0063FD33 /* Release */,
			);
			defaultConfigurationIsVisible = 0;
		};
/* End XCConfigurationList section */
	};
	rootObject = 34509AAE1D5E984E0063FD33 /* Project object */;
}
